
Microsoft Visual Studio Solution File, Format Version 12.00
# Visual Studio Version 17
VisualStudioVersion = 17.9.34701.34
MinimumVisualStudioVersion = 10.0.40219.1
Project("{11A8DD76-328B-46DF-9F39-F559912D0360}") = "Cod.IoT.Abstrations", "Cod.IoT\Cod.IoT.Abstrations\Cod.IoT.Abstrations.shproj", "{BC79100D-D41C-4775-B932-9ABFBBEBBCE1}"
EndProject
Project("{11A8DD76-328B-46DF-9F39-F559912D0360}") = "Cod.IoT.Core", "Cod.IoT\Cod.IoT.Core\Cod.IoT.Core.shproj", "{527E3732-E474-49B7-A1B7-D0AC0FD6AA04}"
EndProject
Project("{11A8DD76-328B-46DF-9F39-F559912D0360}") = "Cod.IoT.Networking", "Cod.IoT.Networking\Cod.IoT.Networking.nfproj", "{BBEDE054-2DD9-4BA5-A832-2EAC8A7EA884}"
EndProject
Project("{11A8DD76-328B-46DF-9F39-F559912D0360}") = "Cod.IoT.Networking.WiFi", "Cod.IoT.Networking.WiFi\Cod.IoT.Networking.WiFi.nfproj", "{4A82AF0C-650C-412E-9DDF-FA8677FC3A1A}"
EndProject
Project("{11A8DD76-328B-46DF-9F39-F559912D0360}") = "Cod.IoT.Hub", "Cod.IoT.Hub\Cod.IoT.Hub.nfproj", "{3DA2315E-2809-44A6-828D-5A8041D60A19}"
EndProject
Project("{11A8DD76-328B-46DF-9F39-F559912D0360}") = "Cod.IoT.Hub.Provisioning", "Cod.IoT.Hub.Provisioning\Cod.IoT.Hub.Provisioning.nfproj", "{CD79B0A0-49EA-40F3-9A0B-17E945911CF3}"
EndProject
Project("{11A8DD76-328B-46DF-9F39-F559912D0360}") = "Cod.IoT.Button", "Cod.IoT.Button\Cod.IoT.Button.nfproj", "{EEADFEE8-8A03-4342-9A07-A0D14E112F09}"
EndProject
Project("{11A8DD76-328B-46DF-9F39-F559912D0360}") = "Cod.IoT.Networking.WiFi.Provisioning", "Cod.IoT.Networking.WiFi.Provisioning\Cod.IoT.Networking.WiFi.Provisioning.nfproj", "{D973B093-AB71-4567-8D47-9D04BCB36074}"
EndProject
Project("{9A19103F-16F7-4668-BE54-9A1E7A4F7556}") = "Cod.IoT.Signatory", "Cod.IoT\Cod.IoT.Signatory\Cod.IoT.Signatory.csproj", "{96A8414D-A183-484B-BFBE-59299C863AB9}"
EndProject
Project("{11A8DD76-328B-46DF-9F39-F559912D0360}") = "Cod.IoT.Core.Debug", "Cod.IoT.Core.Debug\Cod.IoT.Core.Debug.nfproj", "{E8223B12-3FB2-4F96-9419-67B24C9D7313}"
EndProject
Project("{11A8DD76-328B-46DF-9F39-F559912D0360}") = "Cod.IoT.Networking.Web", "Cod.IoT.Networking.Web\Cod.IoT.Networking.Web.nfproj", "{05274253-3965-47E9-9C97-599DA399CA49}"
EndProject
Project("{11A8DD76-328B-46DF-9F39-F559912D0360}") = "Cod.IoT.Networking.Web.FileSystem", "Cod.IoT.Networking.Web.FileSystem\Cod.IoT.Networking.Web.FileSystem.nfproj", "{1D70AF89-12FB-4FEB-A974-3BFA676D0DE3}"
EndProject
Project("{11A8DD76-328B-46DF-9F39-F559912D0360}") = "Cod.IoT.Indicator", "Cod.IoT.Indicator\Cod.IoT.Indicator.nfproj", "{17D17980-18E8-4307-8251-9D1631116148}"
EndProject
Project("{11A8DD76-328B-46DF-9F39-F559912D0360}") = "Cod.IoT.Core.Nano", "Cod.IoT.Core.Nano\Cod.IoT.Core.Nano.nfproj", "{2331462E-76F5-4C9C-B5EB-78C1141CA7AD}"
EndProject
Project("{D954291E-2A0B-460D-934E-DC6B0785DB48}") = "Cod.IoT.Core.Extendable", "Cod.IoT\Cod.IoT.Core.Extendable\Cod.IoT.Core.Extendable.shproj", "{4E181B83-AF12-45F4-A6E8-C5C8430D3E28}"
EndProject
Global
	GlobalSection(SolutionConfigurationPlatforms) = preSolution
		Debug|Any CPU = Debug|Any CPU
		Release|Any CPU = Release|Any CPU
	EndGlobalSection
	GlobalSection(ProjectConfigurationPlatforms) = postSolution
		{BC79100D-D41C-4775-B932-9ABFBBEBBCE1}.Debug|Any CPU.ActiveCfg = Debug|Any CPU
		{BC79100D-D41C-4775-B932-9ABFBBEBBCE1}.Debug|Any CPU.Build.0 = Debug|Any CPU
		{BC79100D-D41C-4775-B932-9ABFBBEBBCE1}.Debug|Any CPU.Deploy.0 = Debug|Any CPU
		{BC79100D-D41C-4775-B932-9ABFBBEBBCE1}.Release|Any CPU.ActiveCfg = Release|Any CPU
		{BC79100D-D41C-4775-B932-9ABFBBEBBCE1}.Release|Any CPU.Build.0 = Release|Any CPU
		{BC79100D-D41C-4775-B932-9ABFBBEBBCE1}.Release|Any CPU.Deploy.0 = Release|Any CPU
		{527E3732-E474-49B7-A1B7-D0AC0FD6AA04}.Debug|Any CPU.ActiveCfg = Debug|Any CPU
		{527E3732-E474-49B7-A1B7-D0AC0FD6AA04}.Debug|Any CPU.Build.0 = Debug|Any CPU
		{527E3732-E474-49B7-A1B7-D0AC0FD6AA04}.Debug|Any CPU.Deploy.0 = Debug|Any CPU
		{527E3732-E474-49B7-A1B7-D0AC0FD6AA04}.Release|Any CPU.ActiveCfg = Release|Any CPU
		{527E3732-E474-49B7-A1B7-D0AC0FD6AA04}.Release|Any CPU.Build.0 = Release|Any CPU
		{527E3732-E474-49B7-A1B7-D0AC0FD6AA04}.Release|Any CPU.Deploy.0 = Release|Any CPU
		{BBEDE054-2DD9-4BA5-A832-2EAC8A7EA884}.Debug|Any CPU.ActiveCfg = Debug|Any CPU
		{BBEDE054-2DD9-4BA5-A832-2EAC8A7EA884}.Debug|Any CPU.Build.0 = Debug|Any CPU
		{BBEDE054-2DD9-4BA5-A832-2EAC8A7EA884}.Release|Any CPU.ActiveCfg = Release|Any CPU
		{BBEDE054-2DD9-4BA5-A832-2EAC8A7EA884}.Release|Any CPU.Build.0 = Release|Any CPU
		{BBEDE054-2DD9-4BA5-A832-2EAC8A7EA884}.Release|Any CPU.Deploy.0 = Release|Any CPU
		{4A82AF0C-650C-412E-9DDF-FA8677FC3A1A}.Debug|Any CPU.ActiveCfg = Debug|Any CPU
		{4A82AF0C-650C-412E-9DDF-FA8677FC3A1A}.Debug|Any CPU.Build.0 = Debug|Any CPU
		{4A82AF0C-650C-412E-9DDF-FA8677FC3A1A}.Release|Any CPU.ActiveCfg = Release|Any CPU
		{4A82AF0C-650C-412E-9DDF-FA8677FC3A1A}.Release|Any CPU.Build.0 = Release|Any CPU
		{4A82AF0C-650C-412E-9DDF-FA8677FC3A1A}.Release|Any CPU.Deploy.0 = Release|Any CPU
		{3DA2315E-2809-44A6-828D-5A8041D60A19}.Debug|Any CPU.ActiveCfg = Debug|Any CPU
		{3DA2315E-2809-44A6-828D-5A8041D60A19}.Debug|Any CPU.Build.0 = Debug|Any CPU
		{3DA2315E-2809-44A6-828D-5A8041D60A19}.Release|Any CPU.ActiveCfg = Release|Any CPU
		{3DA2315E-2809-44A6-828D-5A8041D60A19}.Release|Any CPU.Build.0 = Release|Any CPU
		{3DA2315E-2809-44A6-828D-5A8041D60A19}.Release|Any CPU.Deploy.0 = Release|Any CPU
		{CD79B0A0-49EA-40F3-9A0B-17E945911CF3}.Debug|Any CPU.ActiveCfg = Debug|Any CPU
		{CD79B0A0-49EA-40F3-9A0B-17E945911CF3}.Debug|Any CPU.Build.0 = Debug|Any CPU
		{CD79B0A0-49EA-40F3-9A0B-17E945911CF3}.Release|Any CPU.ActiveCfg = Release|Any CPU
		{CD79B0A0-49EA-40F3-9A0B-17E945911CF3}.Release|Any CPU.Build.0 = Release|Any CPU
		{CD79B0A0-49EA-40F3-9A0B-17E945911CF3}.Release|Any CPU.Deploy.0 = Release|Any CPU
		{EEADFEE8-8A03-4342-9A07-A0D14E112F09}.Debug|Any CPU.ActiveCfg = Debug|Any CPU
		{EEADFEE8-8A03-4342-9A07-A0D14E112F09}.Debug|Any CPU.Build.0 = Debug|Any CPU
		{EEADFEE8-8A03-4342-9A07-A0D14E112F09}.Release|Any CPU.ActiveCfg = Release|Any CPU
		{EEADFEE8-8A03-4342-9A07-A0D14E112F09}.Release|Any CPU.Build.0 = Release|Any CPU
		{EEADFEE8-8A03-4342-9A07-A0D14E112F09}.Release|Any CPU.Deploy.0 = Release|Any CPU
		{D973B093-AB71-4567-8D47-9D04BCB36074}.Debug|Any CPU.ActiveCfg = Debug|Any CPU
		{D973B093-AB71-4567-8D47-9D04BCB36074}.Debug|Any CPU.Build.0 = Debug|Any CPU
		{D973B093-AB71-4567-8D47-9D04BCB36074}.Release|Any CPU.ActiveCfg = Release|Any CPU
		{D973B093-AB71-4567-8D47-9D04BCB36074}.Release|Any CPU.Build.0 = Release|Any CPU
		{D973B093-AB71-4567-8D47-9D04BCB36074}.Release|Any CPU.Deploy.0 = Release|Any CPU
		{96A8414D-A183-484B-BFBE-59299C863AB9}.Debug|Any CPU.ActiveCfg = Debug|Any CPU
		{96A8414D-A183-484B-BFBE-59299C863AB9}.Debug|Any CPU.Build.0 = Debug|Any CPU
		{96A8414D-A183-484B-BFBE-59299C863AB9}.Release|Any CPU.ActiveCfg = Release|Any CPU
		{96A8414D-A183-484B-BFBE-59299C863AB9}.Release|Any CPU.Build.0 = Release|Any CPU
		{E8223B12-3FB2-4F96-9419-67B24C9D7313}.Debug|Any CPU.ActiveCfg = Debug|Any CPU
		{E8223B12-3FB2-4F96-9419-67B24C9D7313}.Debug|Any CPU.Build.0 = Debug|Any CPU
		{E8223B12-3FB2-4F96-9419-67B24C9D7313}.Release|Any CPU.ActiveCfg = Release|Any CPU
		{E8223B12-3FB2-4F96-9419-67B24C9D7313}.Release|Any CPU.Build.0 = Release|Any CPU
		{E8223B12-3FB2-4F96-9419-67B24C9D7313}.Release|Any CPU.Deploy.0 = Release|Any CPU
		{05274253-3965-47E9-9C97-599DA399CA49}.Debug|Any CPU.ActiveCfg = Debug|Any CPU
		{05274253-3965-47E9-9C97-599DA399CA49}.Debug|Any CPU.Build.0 = Debug|Any CPU
		{05274253-3965-47E9-9C97-599DA399CA49}.Release|Any CPU.ActiveCfg = Release|Any CPU
		{05274253-3965-47E9-9C97-599DA399CA49}.Release|Any CPU.Build.0 = Release|Any CPU
		{05274253-3965-47E9-9C97-599DA399CA49}.Release|Any CPU.Deploy.0 = Release|Any CPU
		{1D70AF89-12FB-4FEB-A974-3BFA676D0DE3}.Debug|Any CPU.ActiveCfg = Debug|Any CPU
		{1D70AF89-12FB-4FEB-A974-3BFA676D0DE3}.Debug|Any CPU.Build.0 = Debug|Any CPU
		{1D70AF89-12FB-4FEB-A974-3BFA676D0DE3}.Release|Any CPU.ActiveCfg = Release|Any CPU
		{1D70AF89-12FB-4FEB-A974-3BFA676D0DE3}.Release|Any CPU.Build.0 = Release|Any CPU
		{1D70AF89-12FB-4FEB-A974-3BFA676D0DE3}.Release|Any CPU.Deploy.0 = Release|Any CPU
		{17D17980-18E8-4307-8251-9D1631116148}.Debug|Any CPU.ActiveCfg = Debug|Any CPU
		{17D17980-18E8-4307-8251-9D1631116148}.Debug|Any CPU.Build.0 = Debug|Any CPU
		{17D17980-18E8-4307-8251-9D1631116148}.Release|Any CPU.ActiveCfg = Release|Any CPU
		{17D17980-18E8-4307-8251-9D1631116148}.Release|Any CPU.Build.0 = Release|Any CPU
		{17D17980-18E8-4307-8251-9D1631116148}.Release|Any CPU.Deploy.0 = Release|Any CPU
		{2331462E-76F5-4C9C-B5EB-78C1141CA7AD}.Debug|Any CPU.ActiveCfg = Debug|Any CPU
		{2331462E-76F5-4C9C-B5EB-78C1141CA7AD}.Debug|Any CPU.Build.0 = Debug|Any CPU
		{2331462E-76F5-4C9C-B5EB-78C1141CA7AD}.Release|Any CPU.ActiveCfg = Release|Any CPU
		{2331462E-76F5-4C9C-B5EB-78C1141CA7AD}.Release|Any CPU.Build.0 = Release|Any CPU
		{2331462E-76F5-4C9C-B5EB-78C1141CA7AD}.Release|Any CPU.Deploy.0 = Release|Any CPU
	EndGlobalSection
	GlobalSection(SolutionProperties) = preSolution
		HideSolutionNode = FALSE
	EndGlobalSection
	GlobalSection(ExtensibilityGlobals) = postSolution
		SolutionGuid = {B294D0B4-ECDC-4E95-998C-1A7F3E25A791}
	EndGlobalSection
	GlobalSection(SharedMSBuildProjectFiles) = preSolution
		Cod.IoT\Cod.IoT.Core.Extendable\Cod.IoT.Core.Extendable.projitems*{4e181b83-af12-45f4-a6e8-c5c8430d3e28}*SharedItemsImports = 13
		Cod.IoT\Cod.IoT.Core\Cod.IoT.Core.projitems*{527e3732-e474-49b7-a1b7-d0ac0fd6aa04}*SharedItemsImports = 13
		Cod.IoT\Cod.IoT.Abstrations\Cod.IoT.Abstrations.projitems*{bc79100d-d41c-4775-b932-9abfbbebbce1}*SharedItemsImports = 13
	EndGlobalSection
EndGlobal
